Microsoft Visual Studio Solution File, Format Version 12.00
# Visual Studio Version 17
VisualStudioVersion = 17.7.34202.233
MinimumVisualStudioVersion = 10.0.40219.1
Project("{9A19103F-16F7-4668-BE54-9A1E7A4F7556}") = "HMIApp", "HMIApp\HMIApp.csproj", "{086C7591-4660-46B2-8966-D4AEE41E5BCF}"
EndProject
Project("{9A19103F-16F7-4668-BE54-9A1E7A4F7556}") = "HMIApp.Tests", "HMIApp.Tests\HMIApp.Tests.csproj", "{2648E205-96CB-4723-BF4E-23FA1C8CB7F7}"
EndProject
Project("{2150E333-8FDC-42A3-9474-1A3956D46DE8}") = "Solution Items", "Solution Items", "{ABE6C88E-8601-4AC0-B1C8-66D90ABD4E91}"
	ProjectSection(SolutionItems) = preProject
		.editorconfig = .editorconfig
	EndProjectSection
EndProject
Global
	GlobalSection(SolutionConfigurationPlatforms) = preSolution
		Debug|Any CPU = Debug|Any CPU
		Debug|x86 = Debug|x86
		Release|Any CPU = Release|Any CPU
		Release|x86 = Release|x86
	EndGlobalSection
	GlobalSection(ProjectConfigurationPlatforms) = postSolution
		{086C7591-4660-46B2-8966-D4AEE41E5BCF}.Debug|Any CPU.ActiveCfg = Debug|Any CPU
		{086C7591-4660-46B2-8966-D4AEE41E5BCF}.Debug|Any CPU.Build.0 = Debug|Any CPU
		{086C7591-4660-46B2-8966-D4AEE41E5BCF}.Debug|x86.ActiveCfg = Debug|x86
		{086C7591-4660-46B2-8966-D4AEE41E5BCF}.Debug|x86.Build.0 = Debug|x86
		{086C7591-4660-46B2-8966-D4AEE41E5BCF}.Release|Any CPU.ActiveCfg = Release|Any CPU
		{086C7591-4660-46B2-8966-D4AEE41E5BCF}.Release|Any CPU.Build.0 = Release|Any CPU
		{086C7591-4660-46B2-8966-D4AEE41E5BCF}.Release|x86.ActiveCfg = Release|x86
		{086C7591-4660-46B2-8966-D4AEE41E5BCF}.Release|x86.Build.0 = Release|x86
		{2648E205-96CB-4723-BF4E-23FA1C8CB7F7}.Debug|Any CPU.ActiveCfg = Debug|Any CPU
		{2648E205-96CB-4723-BF4E-23FA1C8CB7F7}.Debug|Any CPU.Build.0 = Debug|Any CPU
		{2648E205-96CB-4723-BF4E-23FA1C8CB7F7}.Debug|x86.ActiveCfg = Debug|Any CPU
		{2648E205-96CB-4723-BF4E-23FA1C8CB7F7}.Debug|x86.Build.0 = Debug|Any CPU
		{2648E205-96CB-4723-BF4E-23FA1C8CB7F7}.Release|Any CPU.ActiveCfg = Release|Any CPU
		{2648E205-96CB-4723-BF4E-23FA1C8CB7F7}.Release|Any CPU.Build.0 = Release|Any CPU
		{2648E205-96CB-4723-BF4E-23FA1C8CB7F7}.Release|x86.ActiveCfg = Release|Any CPU
		{2648E205-96CB-4723-BF4E-23FA1C8CB7F7}.Release|x86.Build.0 = Release|Any CPU
	EndGlobalSection
	GlobalSection(SolutionProperties) = preSolution
		HideSolutionNode = FALSE
	EndGlobalSection
	GlobalSection(ExtensibilityGlobals) = postSolution
		SolutionGuid = {66B58C5A-8D90-4C1A-8F78-43487A185848}
	EndGlobalSection
EndGlobal
